// !$*UTF8*$!
{
	archiveVersion = 1;
	classes = {
	};
	objectVersion = 56;
	objects = {

/* Begin PBXBuildFile section */
		40E4F92E2A4DEF1800E0E05A /* map_appApp.swift in Sources */ = {isa = PBXBuildFile; fileRef = 40E4F92D2A4DEF1800E0E05A /* map_appApp.swift */; };
		40E4F9302A4DEF1800E0E05A /* ContentView.swift in Sources */ = {isa = PBXBuildFile; fileRef = 40E4F92F2A4DEF1800E0E05A /* ContentView.swift */; };
		40E4F9352A4DEF1A00E0E05A /* Preview Assets.xcassets in Resources */ = {isa = PBXBuildFile; fileRef = 40E4F9342A4DEF1A00E0E05A /* Preview Assets.xcassets */; };
		40E4F93C2A4DF03C00E0E05A /* Assets.xcassets in Resources */ = {isa = PBXBuildFile; fileRef = 40E4F93B2A4DF03C00E0E05A /* Assets.xcassets */; };
		40E4F9432A4DFAB800E0E05A /* Location.swift in Sources */ = {isa = PBXBuildFile; fileRef = 40E4F9422A4DFAB800E0E05A /* Location.swift */; };
		40E4F9462A4DFC1500E0E05A /* LocationsDataService.swift in Sources */ = {isa = PBXBuildFile; fileRef = 40E4F9452A4DFC1500E0E05A /* LocationsDataService.swift */; };
		40E4F9482A4DFFFB00E0E05A /* LocationView.swift in Sources */ = {isa = PBXBuildFile; fileRef = 40E4F9472A4DFFFB00E0E05A /* LocationView.swift */; };
		40E4F94A2A4E03DF00E0E05A /* LocationsViewModel.swift in Sources */ = {isa = PBXBuildFile; fileRef = 40E4F9492A4E03DF00E0E05A /* LocationsViewModel.swift */; };
		40E4F94C2A4E258200E0E05A /* LocationsListView.swift in Sources */ = {isa = PBXBuildFile; fileRef = 40E4F94B2A4E258200E0E05A /* LocationsListView.swift */; };
		40E4F94E2A4E309400E0E05A /* LocationPreviewView.swift in Sources */ = {isa = PBXBuildFile; fileRef = 40E4F94D2A4E309400E0E05A /* LocationPreviewView.swift */; };
		40E4F9502A4E810500E0E05A /* LocationMapAnnotationView.swift in Sources */ = {isa = PBXBuildFile; fileRef = 40E4F94F2A4E810500E0E05A /* LocationMapAnnotationView.swift */; };
		40E4F9522A4E83DE00E0E05A /* LocationDetailView.swift in Sources */ = {isa = PBXBuildFile; fileRef = 40E4F9512A4E83DE00E0E05A /* LocationDetailView.swift */; };
/* End PBXBuildFile section */

/* Begin PBXFileReference section */
		40E4F92A2A4DEF1800E0E05A /* map app.app */ = {isa = PBXFileReference; explicitFileType = wrapper.application; includeInIndex = 0; path = "map app.app"; sourceTree = BUILT_PRODUCTS_DIR; };
		40E4F92D2A4DEF1800E0E05A /* map_appApp.swift */ = {isa = PBXFileReference; lastKnownFileType = sourcecode.swift; path = map_appApp.swift; sourceTree = "<group>"; };
		40E4F92F2A4DEF1800E0E05A /* ContentView.swift */ = {isa = PBXFileReference; lastKnownFileType = sourcecode.swift; path = ContentView.swift; sourceTree = "<group>"; };
		40E4F9342A4DEF1A00E0E05A /* Preview Assets.xcassets */ = {isa = PBXFileReference; lastKnownFileType = folder.assetcatalog; path = "Preview Assets.xcassets"; sourceTree = "<group>"; };
		40E4F93B2A4DF03C00E0E05A /* Assets.xcassets */ = {isa = PBXFileReference; lastKnownFileType = folder.assetcatalog; path = Assets.xcassets; sourceTree = "<group>"; };
		40E4F9422A4DFAB800E0E05A /* Location.swift */ = {isa = PBXFileReference; lastKnownFileType = sourcecode.swift; path = Location.swift; sourceTree = "<group>"; };
		40E4F9452A4DFC1500E0E05A /* LocationsDataService.swift */ = {isa = PBXFileReference; fileEncoding = 4; lastKnownFileType = sourcecode.swift; path = LocationsDataService.swift; sourceTree = "<group>"; };
		40E4F9472A4DFFFB00E0E05A /* LocationView.swift */ = {isa = PBXFileReference; lastKnownFileType = sourcecode.swift; path = LocationView.swift; sourceTree = "<group>"; };
		40E4F9492A4E03DF00E0E05A /* LocationsViewModel.swift */ = {isa = PBXFileReference; lastKnownFileType = sourcecode.swift; path = LocationsViewModel.swift; sourceTree = "<group>"; };
		40E4F94B2A4E258200E0E05A /* LocationsListView.swift */ = {isa = PBXFileReference; lastKnownFileType = sourcecode.swift; path = LocationsListView.swift; sourceTree = "<group>"; };
		40E4F94D2A4E309400E0E05A /* LocationPreviewView.swift */ = {isa = PBXFileReference; lastKnownFileType = sourcecode.swift; path = LocationPreviewView.swift; sourceTree = "<group>"; };
		40E4F94F2A4E810500E0E05A /* LocationMapAnnotationView.swift */ = {isa = PBXFileReference; lastKnownFileType = sourcecode.swift; path = LocationMapAnnotationView.swift; sourceTree = "<group>"; };
		40E4F9512A4E83DE00E0E05A /* LocationDetailView.swift */ = {isa = PBXFileReference; lastKnownFileType = sourcecode.swift; path = LocationDetailView.swift; sourceTree = "<group>"; };
/* End PBXFileReference section */

/* Begin PBXFrameworksBuildPhase section */
		40E4F9272A4DEF1800E0E05A /* Frameworks */ = {
			isa = PBXFrameworksBuildPhase;
			buildActionMask = 2147483647;
			files = (
			);
			runOnlyForDeploymentPostprocessing = 0;
		};
/* End PBXFrameworksBuildPhase section */

/* Begin PBXGroup section */
		40E4F9212A4DEF1800E0E05A = {
			isa = PBXGroup;
			children = (
				40E4F92C2A4DEF1800E0E05A /* map app */,
				40E4F92B2A4DEF1800E0E05A /* Products */,
			);
			sourceTree = "<group>";
		};
		40E4F92B2A4DEF1800E0E05A /* Products */ = {
			isa = PBXGroup;
			children = (
				40E4F92A2A4DEF1800E0E05A /* map app.app */,
			);
			name = Products;
			sourceTree = "<group>";
		};
		40E4F92C2A4DEF1800E0E05A /* map app */ = {
			isa = PBXGroup;
			children = (
				40E4F92D2A4DEF1800E0E05A /* map_appApp.swift */,
				40E4F92F2A4DEF1800E0E05A /* ContentView.swift */,
				40E4F9442A4DFBE700E0E05A /* DataServices */,
				40E4F93F2A4DFA5100E0E05A /* Views */,
				40E4F9412A4DFA7A00E0E05A /* ViewModels */,
				40E4F93E2A4DFA4B00E0E05A /* Models */,
				40E4F93B2A4DF03C00E0E05A /* Assets.xcassets */,
				40E4F9332A4DEF1A00E0E05A /* Preview Content */,
			);
			path = "map app";
			sourceTree = "<group>";
		};
		40E4F9332A4DEF1A00E0E05A /* Preview Content */ = {
			isa = PBXGroup;
			children = (
				40E4F9342A4DEF1A00E0E05A /* Preview Assets.xcassets */,
			);
			path = "Preview Content";
			sourceTree = "<group>";
		};
		40E4F93E2A4DFA4B00E0E05A /* Models */ = {
			isa = PBXGroup;
			children = (
				40E4F9422A4DFAB800E0E05A /* Location.swift */,
			);
			path = Models;
			sourceTree = "<group>";
		};
		40E4F93F2A4DFA5100E0E05A /* Views */ = {
			isa = PBXGroup;
			children = (
				40E4F9472A4DFFFB00E0E05A /* LocationView.swift */,
				40E4F94B2A4E258200E0E05A /* LocationsListView.swift */,
				40E4F94D2A4E309400E0E05A /* LocationPreviewView.swift */,
				40E4F94F2A4E810500E0E05A /* LocationMapAnnotationView.swift */,
				40E4F9512A4E83DE00E0E05A /* LocationDetailView.swift */,
			);
			path = Views;
			sourceTree = "<group>";
		};
		40E4F9412A4DFA7A00E0E05A /* ViewModels */ = {
			isa = PBXGroup;
			children = (
				40E4F9492A4E03DF00E0E05A /* LocationsViewModel.swift */,
			);
			path = ViewModels;
			sourceTree = "<group>";
		};
		40E4F9442A4DFBE700E0E05A /* DataServices */ = {
			isa = PBXGroup;
			children = (
				40E4F9452A4DFC1500E0E05A /* LocationsDataService.swift */,
			);
			path = DataServices;
			sourceTree = "<group>";
		};
/* End PBXGroup section */

/* Begin PBXNativeTarget section */
		40E4F9292A4DEF1800E0E05A /* map app */ = {
			isa = PBXNativeTarget;
			buildConfigurationList = 40E4F9382A4DEF1A00E0E05A /* Build configuration list for PBXNativeTarget "map app" */;
			buildPhases = (
				40E4F9262A4DEF1800E0E05A /* Sources */,
				40E4F9272A4DEF1800E0E05A /* Frameworks */,
				40E4F9282A4DEF1800E0E05A /* Resources */,
			);
			buildRules = (
			);
			dependencies = (
			);
			name = "map app";
			productName = "map app";
			productReference = 40E4F92A2A4DEF1800E0E05A /* map app.app */;
			productType = "com.apple.product-type.application";
		};
/* End PBXNativeTarget section */

/* Begin PBXProject section */
		40E4F9222A4DEF1800E0E05A /* Project object */ = {
			isa = PBXProject;
			attributes = {
				BuildIndependentTargetsInParallel = 1;
				LastSwiftUpdateCheck = 1430;
				LastUpgradeCheck = 1430;
				TargetAttributes = {
					40E4F9292A4DEF1800E0E05A = {
						CreatedOnToolsVersion = 14.3.1;
					};
				};
			};
			buildConfigurationList = 40E4F9252A4DEF1800E0E05A /* Build configuration list for PBXProject "map app" */;
			compatibilityVersion = "Xcode 14.0";
			developmentRegion = en;
			hasScannedForEncodings = 0;
			knownRegions = (
				en,
				Base,
			);
			mainGroup = 40E4F9212A4DEF1800E0E05A;
			productRefGroup = 40E4F92B2A4DEF1800E0E05A /* Products */;
			projectDirPath = "";
			projectRoot = "";
			targets = (
				40E4F9292A4DEF1800E0E05A /* map app */,
			);
		};
/* End PBXProject section */

/* Begin PBXResourcesBuildPhase section */
		40E4F9282A4DEF1800E0E05A /* Resources */ = {
			isa = PBXResourcesBuildPhase;
			buildActionMask = 2147483647;
			files = (
				40E4F93C2A4DF03C00E0E05A /* Assets.xcassets in Resources */,
				40E4F9352A4DEF1A00E0E05A /* Preview Assets.xcassets in Resources */,
			);
			runOnlyForDeploymentPostprocessing = 0;
		};
/* End PBXResourcesBuildPhase section */

/* Begin PBXSourcesBuildPhase section */
		40E4F9262A4DEF1800E0E05A /* Sources */ = {
			isa = PBXSourcesBuildPhase;
			buildActionMask = 2147483647;
			files = (
				40E4F9462A4DFC1500E0E05A /* LocationsDataService.swift in Sources */,
				40E4F9502A4E810500E0E05A /* LocationMapAnnotationView.swift in Sources */,
				40E4F94C2A4E258200E0E05A /* LocationsListView.swift in Sources */,
				40E4F94E2A4E309400E0E05A /* LocationPreviewView.swift in Sources */,
				40E4F94A2A4E03DF00E0E05A /* LocationsViewModel.swift in Sources */,
				40E4F9302A4DEF1800E0E05A /* ContentView.swift in Sources */,
				40E4F9482A4DFFFB00E0E05A /* LocationView.swift in Sources */,
				40E4F9432A4DFAB800E0E05A /* Location.swift in Sources */,
				40E4F9522A4E83DE00E0E05A /* LocationDetailView.swift in Sources */,
				40E4F92E2A4DEF1800E0E05A /* map_appApp.swift in Sources */,
			);
			runOnlyForDeploymentPostprocessing = 0;
		};
/* End PBXSourcesBuildPhase section */

/* Begin XCBuildConfiguration section */
		40E4F9362A4DEF1A00E0E05A /* Debug */ = {
			isa = XCBuildConfiguration;
			buildSettings = {
				ALWAYS_SEARCH_USER_PATHS = NO;
				CLANG_ANALYZER_NONNULL = YES;
				CLANG_ANALYZER_NUMBER_OBJECT_CONVERSION = YES_AGGRESSIVE;
				CLANG_CXX_LANGUAGE_STANDARD = "gnu++20";
				CLANG_ENABLE_MODULES = YES;
				CLANG_ENABLE_OBJC_ARC = YES;
				CLANG_ENABLE_OBJC_WEAK = YES;
				CLANG_WARN_BLOCK_CAPTURE_AUTORELEASING = YES;
				CLANG_WARN_BOOL_CONVERSION = YES;
				CLANG_WARN_COMMA = YES;
				CLANG_WARN_CONSTANT_CONVERSION = YES;
				CLANG_WARN_DEPRECATED_OBJC_IMPLEMENTATIONS = YES;
				CLANG_WARN_DIRECT_OBJC_ISA_USAGE = YES_ERROR;
				CLANG_WARN_DOCUMENTATION_COMMENTS = YES;
				CLANG_WARN_EMPTY_BODY = YES;
				CLANG_WARN_ENUM_CONVERSION = YES;
				CLANG_WARN_INFINITE_RECURSION = YES;
				CLANG_WARN_INT_CONVERSION = YES;
				CLANG_WARN_NON_LITERAL_NULL_CONVERSION = YES;
				CLANG_WARN_OBJC_IMPLICIT_RETAIN_SELF = YES;
				CLANG_WARN_OBJC_LITERAL_CONVERSION = YES;
				CLANG_WARN_OBJC_ROOT_CLASS = YES_ERROR;
				CLANG_WARN_QUOTED_INCLUDE_IN_FRAMEWORK_HEADER = YES;
				CLANG_WARN_RANGE_LOOP_ANALYSIS = YES;
				CLANG_WARN_STRICT_PROTOTYPES = YES;
				CLANG_WARN_SUSPICIOUS_MOVE = YES;
				CLANG_WARN_UNGUARDED_AVAILABILITY = YES_AGGRESSIVE;
				CLANG_WARN_UNREACHABLE_CODE = YES;
				CLANG_WARN__DUPLICATE_METHOD_MATCH = YES;
				COPY_PHASE_STRIP = NO;
				DEBUG_INFORMATION_FORMAT = dwarf;
				ENABLE_STRICT_OBJC_MSGSEND = YES;
				ENABLE_TESTABILITY = YES;
				GCC_C_LANGUAGE_STANDARD = gnu11;
				GCC_DYNAMIC_NO_PIC = NO;
				GCC_NO_COMMON_BLOCKS = YES;
				GCC_OPTIMIZATION_LEVEL = 0;
				GCC_PREPROCESSOR_DEFINITIONS = (
					"DEBUG=1",
					"$(inherited)",
				);
				GCC_WARN_64_TO_32_BIT_CONVERSION = YES;
				GCC_WARN_ABOUT_RETURN_TYPE = YES_ERROR;
				GCC_WARN_UNDECLARED_SELECTOR = YES;
				GCC_WARN_UNINITIALIZED_AUTOS = YES_AGGRESSIVE;
				GCC_WARN_UNUSED_FUNCTION = YES;
				GCC_WARN_UNUSED_VARIABLE = YES;
				IPHONEOS_DEPLOYMENT_TARGET = 16.4;
				MTL_ENABLE_DEBUG_INFO = INCLUDE_SOURCE;
				MTL_FAST_MATH = YES;
				ONLY_ACTIVE_ARCH = YES;
				SDKROOT = iphoneos;
				SWIFT_ACTIVE_COMPILATION_CONDITIONS = DEBUG;
				SWIFT_OPTIMIZATION_LEVEL = "-Onone";
			};
			name = Debug;
		};
		40E4F9372A4DEF1A00E0E05A /* Release */ = {
			isa = XCBuildConfiguration;
			buildSettings = {
				ALWAYS_SEARCH_USER_PATHS = NO;
				CLANG_ANALYZER_NONNULL = YES;
				CLANG_ANALYZER_NUMBER_OBJECT_CONVERSION = YES_AGGRESSIVE;
				CLANG_CXX_LANGUAGE_STANDARD = "gnu++20";
				CLANG_ENABLE_MODULES = YES;
				CLANG_ENABLE_OBJC_ARC = YES;
				CLANG_ENABLE_OBJC_WEAK = YES;
				CLANG_WARN_BLOCK_CAPTURE_AUTORELEASING = YES;
				CLANG_WARN_BOOL_CONVERSION = YES;
				CLANG_WARN_COMMA = YES;
				CLANG_WARN_CONSTANT_CONVERSION = YES;
				CLANG_WARN_DEPRECATED_OBJC_IMPLEMENTATIONS = YES;
				CLANG_WARN_DIRECT_OBJC_ISA_USAGE = YES_ERROR;
				CLANG_WARN_DOCUMENTATION_COMMENTS = YES;
				CLANG_WARN_EMPTY_BODY = YES;
				CLANG_WARN_ENUM_CONVERSION = YES;
				CLANG_WARN_INFINITE_RECURSION = YES;
				CLANG_WARN_INT_CONVERSION = YES;
				CLANG_WARN_NON_LITERAL_NULL_CONVERSION = YES;
				CLANG_WARN_OBJC_IMPLICIT_RETAIN_SELF = YES;
				CLANG_WARN_OBJC_LITERAL_CONVERSION = YES;
				CLANG_WARN_OBJC_ROOT_CLASS = YES_ERROR;
				CLANG_WARN_QUOTED_INCLUDE_IN_FRAMEWORK_HEADER = YES;
				CLANG_WARN_RANGE_LOOP_ANALYSIS = YES;
				CLANG_WARN_STRICT_PROTOTYPES = YES;
				CLANG_WARN_SUSPICIOUS_MOVE = YES;
				CLANG_WARN_UNGUARDED_AVAILABILITY = YES_AGGRESSIVE;
				CLANG_WARN_UNREACHABLE_CODE = YES;
				CLANG_WARN__DUPLICATE_METHOD_MATCH = YES;
				COPY_PHASE_STRIP = NO;
				DEBUG_INFORMATION_FORMAT = "dwarf-with-dsym";
				ENABLE_NS_ASSERTIONS = NO;
				ENABLE_STRICT_OBJC_MSGSEND = YES;
				GCC_C_LANGUAGE_STANDARD = gnu11;
				GCC_NO_COMMON_BLOCKS = YES;
				GCC_WARN_64_TO_32_BIT_CONVERSION = YES;
				GCC_WARN_ABOUT_RETURN_TYPE = YES_ERROR;
				GCC_WARN_UNDECLARED_SELECTOR = YES;
				GCC_WARN_UNINITIALIZED_AUTOS = YES_AGGRESSIVE;
				GCC_WARN_UNUSED_FUNCTION = YES;
				GCC_WARN_UNUSED_VARIABLE = YES;
				IPHONEOS_DEPLOYMENT_TARGET = 16.4;
				MTL_ENABLE_DEBUG_INFO = NO;
				MTL_FAST_MATH = YES;
				SDKROOT = iphoneos;
				SWIFT_COMPILATION_MODE = wholemodule;
				SWIFT_OPTIMIZATION_LEVEL = "-O";
				VALIDATE_PRODUCT = YES;
			};
			name = Release;
		};
		40E4F9392A4DEF1A00E0E05A /* Debug */ = {
			isa = XCBuildConfiguration;
			buildSettings = {
				ASSETCATALOG_COMPILER_APPICON_NAME = AppIcon;
				ASSETCATALOG_COMPILER_GLOBAL_ACCENT_COLOR_NAME = AccentColor;
				CODE_SIGN_STYLE = Automatic;
				CURRENT_PROJECT_VERSION = 1;
				DEVELOPMENT_ASSET_PATHS = "\"map app/Preview Content\"";
				ENABLE_PREVIEWS = YES;
				GENERATE_INFOPLIST_FILE = YES;
				INFOPLIST_KEY_UIApplicationSceneManifest_Generation = YES;
				INFOPLIST_KEY_UIApplicationSupportsIndirectInputEvents = YES;
				INFOPLIST_KEY_UILaunchScreen_Generation = YES;
				INFOPLIST_KEY_UISupportedInterfaceOrientations_iPad = "UIInterfaceOrientationPortrait UIInterfaceOrientationPortraitUpsideDown UIInterfaceOrientationLandscapeLeft UIInterfaceOrientationLandscapeRight";
				INFOPLIST_KEY_UISupportedInterfaceOrientations_iPhone = "UIInterfaceOrientationPortrait UIInterfaceOrientationLandscapeLeft UIInterfaceOrientationLandscapeRight";
				LD_RUNPATH_SEARCH_PATHS = (
					"$(inherited)",
					"@executable_path/Frameworks",
				);
				MARKETING_VERSION = 1.0;
				PRODUCT_BUNDLE_IDENTIFIER = "KWK.map-app";
				PRODUCT_NAME = "$(TARGET_NAME)";
				SWIFT_EMIT_LOC_STRINGS = YES;
				SWIFT_VERSION = 5.0;
				TARGETED_DEVICE_FAMILY = "1,2";
			};
			name = Debug;
		};
		40E4F93A2A4DEF1A00E0E05A /* Release */ = {
			isa = XCBuildConfiguration;
			buildSettings = {
				ASSETCATALOG_COMPILER_APPICON_NAME = AppIcon;
				ASSETCATALOG_COMPILER_GLOBAL_ACCENT_COLOR_NAME = AccentColor;
				CODE_SIGN_STYLE = Automatic;
				CURRENT_PROJECT_VERSION = 1;
				DEVELOPMENT_ASSET_PATHS = "\"map app/Preview Content\"";
				ENABLE_PREVIEWS = YES;
				GENERATE_INFOPLIST_FILE = YES;
				INFOPLIST_KEY_UIApplicationSceneManifest_Generation = YES;
				INFOPLIST_KEY_UIApplicationSupportsIndirectInputEvents = YES;
				INFOPLIST_KEY_UILaunchScreen_Generation = YES;
				INFOPLIST_KEY_UISupportedInterfaceOrientations_iPad = "UIInterfaceOrientationPortrait UIInterfaceOrientationPortraitUpsideDown UIInterfaceOrientationLandscapeLeft UIInterfaceOrientationLandscapeRight";
				INFOPLIST_KEY_UISupportedInterfaceOrientations_iPhone = "UIInterfaceOrientationPortrait UIInterfaceOrientationLandscapeLeft UIInterfaceOrientationLandscapeRight";
				LD_RUNPATH_SEARCH_PATHS = (
					"$(inherited)",
					"@executable_path/Frameworks",
				);
				MARKETING_VERSION = 1.0;
				PRODUCT_BUNDLE_IDENTIFIER = "KWK.map-app";
				PRODUCT_NAME = "$(TARGET_NAME)";
				SWIFT_EMIT_LOC_STRINGS = YES;
				SWIFT_VERSION = 5.0;
				TARGETED_DEVICE_FAMILY = "1,2";
			};
			name = Release;
		};
/* End XCBuildConfiguration section */

/* Begin XCConfigurationList section */
		40E4F9252A4DEF1800E0E05A /* Build configuration list for PBXProject "map app" */ = {
			isa = XCConfigurationList;
			buildConfigurations = (
				40E4F9362A4DEF1A00E0E05A /* Debug */,
				40E4F9372A4DEF1A00E0E05A /* Release */,
			);
			defaultConfigurationIsVisible = 0;
			defaultConfigurationName = Release;
		};
		40E4F9382A4DEF1A00E0E05A /* Build configuration list for PBXNativeTarget "map app" */ = {
			isa = XCConfigurationList;
			buildConfigurations = (
				40E4F9392A4DEF1A00E0E05A /* Debug */,
				40E4F93A2A4DEF1A00E0E05A /* Release */,
			);
			defaultConfigurationIsVisible = 0;
			defaultConfigurationName = Release;
		};
/* End XCConfigurationList section */
	};
	rootObject = 40E4F9222A4DEF1800E0E05A /* Project object */;
}
